
Microsoft Visual Studio Solution File, Format Version 12.00
# Visual Studio Version 16
VisualStudioVersion = 16.0.31613.86
MinimumVisualStudioVersion = 15.0.26124.0
Project("{9A19103F-16F7-4668-BE54-9A1E7A4F7556}") = "Projur.Api", "Projur.Api\Projur.Api.csproj", "{AE35D4DF-B1C8-4B2A-9A4A-7FF3B14C75D5}"
EndProject
Project("{9A19103F-16F7-4668-BE54-9A1E7A4F7556}") = "Projur.Domain", "Projur.Domain\Projur.Domain.csproj", "{D4334094-916E-4A9E-9FDB-3DE1F5512A81}"
EndProject
Project("{FAE04EC0-301F-11D3-BF4B-00C04F79EFBC}") = "Projur.Infra", "Projur.Infra\Projur.Infra.csproj", "{BF08AA25-464A-43E0-91D6-4DE3D564D89B}"
EndProject
Global
	GlobalSection(SolutionConfigurationPlatforms) = preSolution
		Debug|Any CPU = Debug|Any CPU
		Debug|x64 = Debug|x64
		Debug|x86 = Debug|x86
		Release|Any CPU = Release|Any CPU
		Release|x64 = Release|x64
		Release|x86 = Release|x86
	EndGlobalSection
	GlobalSection(ProjectConfigurationPlatforms) = postSolution
		{AE35D4DF-B1C8-4B2A-9A4A-7FF3B14C75D5}.Debug|Any CPU.ActiveCfg = Debug|Any CPU
		{AE35D4DF-B1C8-4B2A-9A4A-7FF3B14C75D5}.Debug|Any CPU.Build.0 = Debug|Any CPU
		{AE35D4DF-B1C8-4B2A-9A4A-7FF3B14C75D5}.Debug|x64.ActiveCfg = Debug|Any CPU
		{AE35D4DF-B1C8-4B2A-9A4A-7FF3B14C75D5}.Debug|x64.Build.0 = Debug|Any CPU
		{AE35D4DF-B1C8-4B2A-9A4A-7FF3B14C75D5}.Debug|x86.ActiveCfg = Debug|Any CPU
		{AE35D4DF-B1C8-4B2A-9A4A-7FF3B14C75D5}.Debug|x86.Build.0 = Debug|Any CPU
		{AE35D4DF-B1C8-4B2A-9A4A-7FF3B14C75D5}.Release|Any CPU.ActiveCfg = Release|Any CPU
		{AE35D4DF-B1C8-4B2A-9A4A-7FF3B14C75D5}.Release|Any CPU.Build.0 = Release|Any CPU
		{AE35D4DF-B1C8-4B2A-9A4A-7FF3B14C75D5}.Release|x64.ActiveCfg = Release|Any CPU
		{AE35D4DF-B1C8-4B2A-9A4A-7FF3B14C75D5}.Release|x64.Build.0 = Release|Any CPU
		{AE35D4DF-B1C8-4B2A-9A4A-7FF3B14C75D5}.Release|x86.ActiveCfg = Release|Any CPU
		{AE35D4DF-B1C8-4B2A-9A4A-7FF3B14C75D5}.Release|x86.Build.0 = Release|Any CPU
		{D4334094-916E-4A9E-9FDB-3DE1F5512A81}.Debug|Any CPU.ActiveCfg = Debug|Any CPU
		{D4334094-916E-4A9E-9FDB-3DE1F5512A81}.Debug|Any CPU.Build.0 = Debug|Any CPU
		{D4334094-916E-4A9E-9FDB-3DE1F5512A81}.Debug|x64.ActiveCfg = Debug|Any CPU
		{D4334094-916E-4A9E-9FDB-3DE1F5512A81}.Debug|x64.Build.0 = Debug|Any CPU
		{D4334094-916E-4A9E-9FDB-3DE1F5512A81}.Debug|x86.ActiveCfg = Debug|Any CPU
		{D4334094-916E-4A9E-9FDB-3DE1F5512A81}.Debug|x86.Build.0 = Debug|Any CPU
		{D4334094-916E-4A9E-9FDB-3DE1F5512A81}.Release|Any CPU.ActiveCfg = Release|Any CPU
		{D4334094-916E-4A9E-9FDB-3DE1F5512A81}.Release|Any CPU.Build.0 = Release|Any CPU
		{D4334094-916E-4A9E-9FDB-3DE1F5512A81}.Release|x64.ActiveCfg = Release|Any CPU
		{D4334094-916E-4A9E-9FDB-3DE1F5512A81}.Release|x64.Build.0 = Release|Any CPU
		{D4334094-916E-4A9E-9FDB-3DE1F5512A81}.Release|x86.ActiveCfg = Release|Any CPU
		{D4334094-916E-4A9E-9FDB-3DE1F5512A81}.Release|x86.Build.0 = Release|Any CPU
		{BF08AA25-464A-43E0-91D6-4DE3D564D89B}.Debug|Any CPU.ActiveCfg = Debug|Any CPU
		{BF08AA25-464A-43E0-91D6-4DE3D564D89B}.Debug|Any CPU.Build.0 = Debug|Any CPU
		{BF08AA25-464A-43E0-91D6-4DE3D564D89B}.Debug|x64.ActiveCfg = Debug|Any CPU
		{BF08AA25-464A-43E0-91D6-4DE3D564D89B}.Debug|x64.Build.0 = Debug|Any CPU
		{BF08AA25-464A-43E0-91D6-4DE3D564D89B}.Debug|x86.ActiveCfg = Debug|Any CPU
		{BF08AA25-464A-43E0-91D6-4DE3D564D89B}.Debug|x86.Build.0 = Debug|Any CPU
		{BF08AA25-464A-43E0-91D6-4DE3D564D89B}.Release|Any CPU.ActiveCfg = Release|Any CPU
		{BF08AA25-464A-43E0-91D6-4DE3D564D89B}.Release|Any CPU.Build.0 = Release|Any CPU
		{BF08AA25-464A-43E0-91D6-4DE3D564D89B}.Release|x64.ActiveCfg = Release|Any CPU
		{BF08AA25-464A-43E0-91D6-4DE3D564D89B}.Release|x64.Build.0 = Release|Any CPU
		{BF08AA25-464A-43E0-91D6-4DE3D564D89B}.Release|x86.ActiveCfg = Release|Any CPU
		{BF08AA25-464A-43E0-91D6-4DE3D564D89B}.Release|x86.Build.0 = Release|Any CPU
	EndGlobalSection
	GlobalSection(SolutionProperties) = preSolution
		HideSolutionNode = FALSE
	EndGlobalSection
	GlobalSection(ExtensibilityGlobals) = postSolution
		SolutionGuid = {40D14061-7506-4BCD-B54C-BF46D3C134F7}
	EndGlobalSection
EndGlobal
